
Microsoft Visual Studio Solution File, Format Version 12.00
# Visual Studio Version 17
VisualStudioVersion = 17.8.34330.188
MinimumVisualStudioVersion = 10.0.40219.1
Project("{FAE04EC0-301F-11D3-BF4B-00C04F79EFBC}") = "OnlineBookShop", "OnlineBookShop.csproj", "{EBD198D3-7107-4C9E-ABCB-03ADB6A734A2}"
EndProject
Global
	GlobalSection(SolutionConfigurationPlatforms) = preSolution
		Debug|Any CPU = Debug|Any CPU
		Release|Any CPU = Release|Any CPU
	EndGlobalSection
	GlobalSection(ProjectConfigurationPlatforms) = postSolution
		{EBD198D3-7107-4C9E-ABCB-03ADB6A734A2}.Debug|Any CPU.ActiveCfg = Debug|Any CPU
		{EBD198D3-7107-4C9E-ABCB-03ADB6A734A2}.Debug|Any CPU.Build.0 = Debug|Any CPU
		{EBD198D3-7107-4C9E-ABCB-03ADB6A734A2}.Release|Any CPU.ActiveCfg = Release|Any CPU
		{EBD198D3-7107-4C9E-ABCB-03ADB6A734A2}.Release|Any CPU.Build.0 = Release|Any CPU
	EndGlobalSection
	GlobalSection(SolutionProperties) = preSolution
		HideSolutionNode = FALSE
	EndGlobalSection
	GlobalSection(ExtensibilityGlobals) = postSolution
		SolutionGuid = {6CE53018-8C3E-4DFD-8FCB-938D8C5AF80F}
	EndGlobalSection
EndGlobal
